
Microsoft Visual Studio Solution File, Format Version 12.00
# Visual Studio 15
VisualStudioVersion = 15.0.26730.16
MinimumVisualStudioVersion = 10.0.40219.1
Project("{FAE04EC0-301F-11D3-BF4B-00C04F79EFBC}") = "Models", "Models\Models.csproj", "{71DE2C1C-A6BD-423A-AAA7-96BE023854D1}"
EndProject
Project("{FAE04EC0-301F-11D3-BF4B-00C04F79EFBC}") = "BusinessLogicLayer", "BusinessLogicLayer\BusinessLogicLayer.csproj", "{73C3BCC7-8F47-42B3-93BD-4264E9D5A173}"
EndProject
Project("{FAE04EC0-301F-11D3-BF4B-00C04F79EFBC}") = "DataAccessLayer", "DataAccessLayer\DataAccessLayer.csproj", "{13352F36-F1DF-47AF-BF10-7ABB48AF9BE1}"
EndProject
Project("{FAE04EC0-301F-11D3-BF4B-00C04F79EFBC}") = "Test", "Test\Test.csproj", "{27BAEAE7-CE34-4FE2-BF15-1F7EEA30078E}"
EndProject
Project("{FAE04EC0-301F-11D3-BF4B-00C04F79EFBC}") = "GameCentralWCFService", "GameCentralWCFService\GameCentralWCFService.csproj", "{B2F1026E-5411-4F23-900B-BEF9DAE937A6}"
EndProject
Global
	GlobalSection(SolutionConfigurationPlatforms) = preSolution
		Debug|Any CPU = Debug|Any CPU
		Release|Any CPU = Release|Any CPU
	EndGlobalSection
	GlobalSection(ProjectConfigurationPlatforms) = postSolution
		{71DE2C1C-A6BD-423A-AAA7-96BE023854D1}.Debug|Any CPU.ActiveCfg = Debug|Any CPU
		{71DE2C1C-A6BD-423A-AAA7-96BE023854D1}.Debug|Any CPU.Build.0 = Debug|Any CPU
		{71DE2C1C-A6BD-423A-AAA7-96BE023854D1}.Release|Any CPU.ActiveCfg = Release|Any CPU
		{71DE2C1C-A6BD-423A-AAA7-96BE023854D1}.Release|Any CPU.Build.0 = Release|Any CPU
		{73C3BCC7-8F47-42B3-93BD-4264E9D5A173}.Debug|Any CPU.ActiveCfg = Debug|Any CPU
		{73C3BCC7-8F47-42B3-93BD-4264E9D5A173}.Debug|Any CPU.Build.0 = Debug|Any CPU
		{73C3BCC7-8F47-42B3-93BD-4264E9D5A173}.Release|Any CPU.ActiveCfg = Release|Any CPU
		{73C3BCC7-8F47-42B3-93BD-4264E9D5A173}.Release|Any CPU.Build.0 = Release|Any CPU
		{13352F36-F1DF-47AF-BF10-7ABB48AF9BE1}.Debug|Any CPU.ActiveCfg = Debug|Any CPU
		{13352F36-F1DF-47AF-BF10-7ABB48AF9BE1}.Debug|Any CPU.Build.0 = Debug|Any CPU
		{13352F36-F1DF-47AF-BF10-7ABB48AF9BE1}.Release|Any CPU.ActiveCfg = Release|Any CPU
		{13352F36-F1DF-47AF-BF10-7ABB48AF9BE1}.Release|Any CPU.Build.0 = Release|Any CPU
		{27BAEAE7-CE34-4FE2-BF15-1F7EEA30078E}.Debug|Any CPU.ActiveCfg = Debug|Any CPU
		{27BAEAE7-CE34-4FE2-BF15-1F7EEA30078E}.Debug|Any CPU.Build.0 = Debug|Any CPU
		{27BAEAE7-CE34-4FE2-BF15-1F7EEA30078E}.Release|Any CPU.ActiveCfg = Release|Any CPU
		{27BAEAE7-CE34-4FE2-BF15-1F7EEA30078E}.Release|Any CPU.Build.0 = Release|Any CPU
		{B2F1026E-5411-4F23-900B-BEF9DAE937A6}.Debug|Any CPU.ActiveCfg = Debug|Any CPU
		{B2F1026E-5411-4F23-900B-BEF9DAE937A6}.Debug|Any CPU.Build.0 = Debug|Any CPU
		{B2F1026E-5411-4F23-900B-BEF9DAE937A6}.Release|Any CPU.ActiveCfg = Release|Any CPU
		{B2F1026E-5411-4F23-900B-BEF9DAE937A6}.Release|Any CPU.Build.0 = Release|Any CPU
	EndGlobalSection
	GlobalSection(SolutionProperties) = preSolution
		HideSolutionNode = FALSE
	EndGlobalSection
	GlobalSection(ExtensibilityGlobals) = postSolution
		SolutionGuid = {746A171C-B5B6-4D45-AACF-7451A45C7E26}
	EndGlobalSection
EndGlobal
